
Microsoft Visual Studio Solution File, Format Version 12.00
# Visual Studio 15
VisualStudioVersion = 15.0.27004.2008
MinimumVisualStudioVersion = 10.0.40219.1
Project("{9A19103F-16F7-4668-BE54-9A1E7A4F7556}") = "Moq.DataReader.Tests", "Moq.DataReader.Tests\Moq.DataReader.Tests.csproj", "{3B60BAF4-94B2-433A-B80B-1CC8D030A1B7}"
EndProject
Project("{FAE04EC0-301F-11D3-BF4B-00C04F79EFBC}") = "Moq.DataReader", "Moq.DataReader\Moq.DataReader.csproj", "{4B195C25-1121-4E0F-AD23-603761CC60B8}"
EndProject
Global
	GlobalSection(SolutionConfigurationPlatforms) = preSolution
		Debug|Any CPU = Debug|Any CPU
		Release|Any CPU = Release|Any CPU
	EndGlobalSection
	GlobalSection(ProjectConfigurationPlatforms) = postSolution
		{1739C920-6756-4D69-8760-91F18EBA32E7}.Debug|Any CPU.ActiveCfg = Debug|Any CPU
		{1739C920-6756-4D69-8760-91F18EBA32E7}.Debug|Any CPU.Build.0 = Debug|Any CPU
		{1739C920-6756-4D69-8760-91F18EBA32E7}.Release|Any CPU.ActiveCfg = Release|Any CPU
		{1739C920-6756-4D69-8760-91F18EBA32E7}.Release|Any CPU.Build.0 = Release|Any CPU
		{3B60BAF4-94B2-433A-B80B-1CC8D030A1B7}.Debug|Any CPU.ActiveCfg = Debug|Any CPU
		{3B60BAF4-94B2-433A-B80B-1CC8D030A1B7}.Debug|Any CPU.Build.0 = Debug|Any CPU
		{3B60BAF4-94B2-433A-B80B-1CC8D030A1B7}.Release|Any CPU.ActiveCfg = Release|Any CPU
		{3B60BAF4-94B2-433A-B80B-1CC8D030A1B7}.Release|Any CPU.Build.0 = Release|Any CPU
		{4B195C25-1121-4E0F-AD23-603761CC60B8}.Debug|Any CPU.ActiveCfg = Debug|Any CPU
		{4B195C25-1121-4E0F-AD23-603761CC60B8}.Debug|Any CPU.Build.0 = Debug|Any CPU
		{4B195C25-1121-4E0F-AD23-603761CC60B8}.Release|Any CPU.ActiveCfg = Release|Any CPU
		{4B195C25-1121-4E0F-AD23-603761CC60B8}.Release|Any CPU.Build.0 = Release|Any CPU
	EndGlobalSection
	GlobalSection(SolutionProperties) = preSolution
		HideSolutionNode = FALSE
	EndGlobalSection
	GlobalSection(ExtensibilityGlobals) = postSolution
		SolutionGuid = {7300ABAF-037E-49D9-B6FF-6195EC0E4E0A}
	EndGlobalSection
EndGlobal
